
Microsoft Visual Studio Solution File, Format Version 12.00
# Visual Studio Version 17
VisualStudioVersion = 17.8.34330.188
MinimumVisualStudioVersion = 10.0.40219.1
Project("{FAE04EC0-301F-11D3-BF4B-00C04F79EFBC}") = "kurs", "kurs\kurs.csproj", "{6C2F164E-771F-4F56-B926-0FDB5B250DFD}"
EndProject
Global
	GlobalSection(SolutionConfigurationPlatforms) = preSolution
		Debug|Any CPU = Debug|Any CPU
		Release|Any CPU = Release|Any CPU
	EndGlobalSection
	GlobalSection(ProjectConfigurationPlatforms) = postSolution
		{6C2F164E-771F-4F56-B926-0FDB5B250DFD}.Debug|Any CPU.ActiveCfg = Debug|Any CPU
		{6C2F164E-771F-4F56-B926-0FDB5B250DFD}.Debug|Any CPU.Build.0 = Debug|Any CPU
		{6C2F164E-771F-4F56-B926-0FDB5B250DFD}.Release|Any CPU.ActiveCfg = Release|Any CPU
		{6C2F164E-771F-4F56-B926-0FDB5B250DFD}.Release|Any CPU.Build.0 = Release|Any CPU
	EndGlobalSection
	GlobalSection(SolutionProperties) = preSolution
		HideSolutionNode = FALSE
	EndGlobalSection
	GlobalSection(ExtensibilityGlobals) = postSolution
		SolutionGuid = {DCB245FF-9B03-473B-AEEF-52C0B86FF139}
	EndGlobalSection
EndGlobal
